
Microsoft Visual Studio Solution File, Format Version 12.00
# Visual Studio 2013
VisualStudioVersion = 12.0.40629.0
MinimumVisualStudioVersion = 10.0.40219.1
Project("{FAE04EC0-301F-11D3-BF4B-00C04F79EFBC}") = "BlogSite", "BlogSite\BlogSite.csproj", "{E36DC4DE-F520-4803-9C1F-AA5CF2A2A1AA}"
EndProject
Project("{FAE04EC0-301F-11D3-BF4B-00C04F79EFBC}") = "BlogSite.Tests", "BlogSite.Tests\BlogSite.Tests.csproj", "{087BB372-5AC1-4F95-9DF5-647D51CA0826}"
EndProject
Project("{FAE04EC0-301F-11D3-BF4B-00C04F79EFBC}") = "Repository", "Repository\Repository.csproj", "{D139C88F-AEA8-4C57-8256-AB1118DB3F3D}"
EndProject
Global
	GlobalSection(SolutionConfigurationPlatforms) = preSolution
		Debug|Any CPU = Debug|Any CPU
		Release|Any CPU = Release|Any CPU
	EndGlobalSection
	GlobalSection(ProjectConfigurationPlatforms) = postSolution
		{E36DC4DE-F520-4803-9C1F-AA5CF2A2A1AA}.Debug|Any CPU.ActiveCfg = Debug|Any CPU
		{E36DC4DE-F520-4803-9C1F-AA5CF2A2A1AA}.Debug|Any CPU.Build.0 = Debug|Any CPU
		{E36DC4DE-F520-4803-9C1F-AA5CF2A2A1AA}.Release|Any CPU.ActiveCfg = Release|Any CPU
		{E36DC4DE-F520-4803-9C1F-AA5CF2A2A1AA}.Release|Any CPU.Build.0 = Release|Any CPU
		{087BB372-5AC1-4F95-9DF5-647D51CA0826}.Debug|Any CPU.ActiveCfg = Debug|Any CPU
		{087BB372-5AC1-4F95-9DF5-647D51CA0826}.Debug|Any CPU.Build.0 = Debug|Any CPU
		{087BB372-5AC1-4F95-9DF5-647D51CA0826}.Release|Any CPU.ActiveCfg = Release|Any CPU
		{087BB372-5AC1-4F95-9DF5-647D51CA0826}.Release|Any CPU.Build.0 = Release|Any CPU
		{D139C88F-AEA8-4C57-8256-AB1118DB3F3D}.Debug|Any CPU.ActiveCfg = Debug|Any CPU
		{D139C88F-AEA8-4C57-8256-AB1118DB3F3D}.Debug|Any CPU.Build.0 = Debug|Any CPU
		{D139C88F-AEA8-4C57-8256-AB1118DB3F3D}.Release|Any CPU.ActiveCfg = Release|Any CPU
		{D139C88F-AEA8-4C57-8256-AB1118DB3F3D}.Release|Any CPU.Build.0 = Release|Any CPU
	EndGlobalSection
	GlobalSection(SolutionProperties) = preSolution
		HideSolutionNode = FALSE
	EndGlobalSection
EndGlobal
